
Microsoft Visual Studio Solution File, Format Version 12.00
# Visual Studio Version 16
VisualStudioVersion = 16.0.30523.141
MinimumVisualStudioVersion = 10.0.40219.1
Project("{FAE04EC0-301F-11D3-BF4B-00C04F79EFBC}") = "interfaces", "interfaces.csproj", "{A3AA3265-C2EE-4CA0-A702-3555C199F983}"
EndProject
Global
	GlobalSection(SolutionConfigurationPlatforms) = preSolution
		Debug|Any CPU = Debug|Any CPU
		Release|Any CPU = Release|Any CPU
	EndGlobalSection
	GlobalSection(ProjectConfigurationPlatforms) = postSolution
		{A3AA3265-C2EE-4CA0-A702-3555C199F983}.Debug|Any CPU.ActiveCfg = Debug|Any CPU
		{A3AA3265-C2EE-4CA0-A702-3555C199F983}.Debug|Any CPU.Build.0 = Debug|Any CPU
		{A3AA3265-C2EE-4CA0-A702-3555C199F983}.Release|Any CPU.ActiveCfg = Release|Any CPU
		{A3AA3265-C2EE-4CA0-A702-3555C199F983}.Release|Any CPU.Build.0 = Release|Any CPU
	EndGlobalSection
	GlobalSection(SolutionProperties) = preSolution
		HideSolutionNode = FALSE
	EndGlobalSection
	GlobalSection(ExtensibilityGlobals) = postSolution
		SolutionGuid = {6C1CE8DF-E5D4-4C04-AF44-B99BD89F023C}
	EndGlobalSection
EndGlobal
