
Microsoft Visual Studio Solution File, Format Version 12.00
# Visual Studio Version 16
VisualStudioVersion = 16.0.30523.141
MinimumVisualStudioVersion = 10.0.40219.1
Project("{FAE04EC0-301F-11D3-BF4B-00C04F79EFBC}") = "AsyncAwait", "AsyncAwait.csproj", "{27E86635-359B-4999-975A-053907E2DE64}"
EndProject
Global
	GlobalSection(SolutionConfigurationPlatforms) = preSolution
		Debug|Any CPU = Debug|Any CPU
		Release|Any CPU = Release|Any CPU
	EndGlobalSection
	GlobalSection(ProjectConfigurationPlatforms) = postSolution
		{27E86635-359B-4999-975A-053907E2DE64}.Debug|Any CPU.ActiveCfg = Debug|Any CPU
		{27E86635-359B-4999-975A-053907E2DE64}.Debug|Any CPU.Build.0 = Debug|Any CPU
		{27E86635-359B-4999-975A-053907E2DE64}.Release|Any CPU.ActiveCfg = Release|Any CPU
		{27E86635-359B-4999-975A-053907E2DE64}.Release|Any CPU.Build.0 = Release|Any CPU
	EndGlobalSection
	GlobalSection(SolutionProperties) = preSolution
		HideSolutionNode = FALSE
	EndGlobalSection
	GlobalSection(ExtensibilityGlobals) = postSolution
		SolutionGuid = {DE4A5A0A-37F6-42D0-B19A-173919D6F39C}
	EndGlobalSection
EndGlobal
