
Microsoft Visual Studio Solution File, Format Version 12.00
# Visual Studio Version 16
VisualStudioVersion = 16.0.30523.141
MinimumVisualStudioVersion = 10.0.40219.1
Project("{FAE04EC0-301F-11D3-BF4B-00C04F79EFBC}") = "CompanyPayroll", "CompanyPayroll.csproj", "{53E43E22-F628-4D23-80F1-EBE7593571B9}"
EndProject
Global
	GlobalSection(SolutionConfigurationPlatforms) = preSolution
		Debug|Any CPU = Debug|Any CPU
		Release|Any CPU = Release|Any CPU
	EndGlobalSection
	GlobalSection(ProjectConfigurationPlatforms) = postSolution
		{53E43E22-F628-4D23-80F1-EBE7593571B9}.Debug|Any CPU.ActiveCfg = Debug|Any CPU
		{53E43E22-F628-4D23-80F1-EBE7593571B9}.Debug|Any CPU.Build.0 = Debug|Any CPU
		{53E43E22-F628-4D23-80F1-EBE7593571B9}.Release|Any CPU.ActiveCfg = Release|Any CPU
		{53E43E22-F628-4D23-80F1-EBE7593571B9}.Release|Any CPU.Build.0 = Release|Any CPU
	EndGlobalSection
	GlobalSection(SolutionProperties) = preSolution
		HideSolutionNode = FALSE
	EndGlobalSection
	GlobalSection(ExtensibilityGlobals) = postSolution
		SolutionGuid = {8A247249-1F95-4CC0-8B7D-8687AB2AF5D0}
	EndGlobalSection
EndGlobal
