
Microsoft Visual Studio Solution File, Format Version 12.00
# Visual Studio Version 16
VisualStudioVersion = 16.0.30413.136
MinimumVisualStudioVersion = 10.0.40219.1
Project("{FAE04EC0-301F-11D3-BF4B-00C04F79EFBC}") = "sales", "sales\sales.csproj", "{680DB023-3536-4EB1-BAAF-42ACF3519563}"
EndProject
Global
	GlobalSection(SolutionConfigurationPlatforms) = preSolution
		Debug|Any CPU = Debug|Any CPU
		Release|Any CPU = Release|Any CPU
	EndGlobalSection
	GlobalSection(ProjectConfigurationPlatforms) = postSolution
		{680DB023-3536-4EB1-BAAF-42ACF3519563}.Debug|Any CPU.ActiveCfg = Debug|Any CPU
		{680DB023-3536-4EB1-BAAF-42ACF3519563}.Debug|Any CPU.Build.0 = Debug|Any CPU
		{680DB023-3536-4EB1-BAAF-42ACF3519563}.Release|Any CPU.ActiveCfg = Release|Any CPU
		{680DB023-3536-4EB1-BAAF-42ACF3519563}.Release|Any CPU.Build.0 = Release|Any CPU
	EndGlobalSection
	GlobalSection(SolutionProperties) = preSolution
		HideSolutionNode = FALSE
	EndGlobalSection
	GlobalSection(ExtensibilityGlobals) = postSolution
		SolutionGuid = {FBAF48E0-BE90-4120-8D37-C8480E016EB1}
	EndGlobalSection
EndGlobal
