
Microsoft Visual Studio Solution File, Format Version 12.00
# Visual Studio Version 16
VisualStudioVersion = 16.0.30523.141
MinimumVisualStudioVersion = 10.0.40219.1
Project("{FAE04EC0-301F-11D3-BF4B-00C04F79EFBC}") = "BankTest", "BankTest.csproj", "{FEE80EEA-1A6B-49CB-95A1-A05AF8757AD2}"
EndProject
Global
	GlobalSection(SolutionConfigurationPlatforms) = preSolution
		Debug|Any CPU = Debug|Any CPU
		Release|Any CPU = Release|Any CPU
	EndGlobalSection
	GlobalSection(ProjectConfigurationPlatforms) = postSolution
		{FEE80EEA-1A6B-49CB-95A1-A05AF8757AD2}.Debug|Any CPU.ActiveCfg = Debug|Any CPU
		{FEE80EEA-1A6B-49CB-95A1-A05AF8757AD2}.Debug|Any CPU.Build.0 = Debug|Any CPU
		{FEE80EEA-1A6B-49CB-95A1-A05AF8757AD2}.Release|Any CPU.ActiveCfg = Release|Any CPU
		{FEE80EEA-1A6B-49CB-95A1-A05AF8757AD2}.Release|Any CPU.Build.0 = Release|Any CPU
	EndGlobalSection
	GlobalSection(SolutionProperties) = preSolution
		HideSolutionNode = FALSE
	EndGlobalSection
	GlobalSection(ExtensibilityGlobals) = postSolution
		SolutionGuid = {60E8D083-921B-442C-8E61-8DD3A444907C}
	EndGlobalSection
EndGlobal
