
Microsoft Visual Studio Solution File, Format Version 12.00
# Visual Studio Version 16
VisualStudioVersion = 16.0.30523.141
MinimumVisualStudioVersion = 10.0.40219.1
Project("{FAE04EC0-301F-11D3-BF4B-00C04F79EFBC}") = "BankAndSales", "BankAndSales.csproj", "{50DFEA37-092A-40AA-97FB-C888FB1A6450}"
EndProject
Global
	GlobalSection(SolutionConfigurationPlatforms) = preSolution
		Debug|Any CPU = Debug|Any CPU
		Release|Any CPU = Release|Any CPU
	EndGlobalSection
	GlobalSection(ProjectConfigurationPlatforms) = postSolution
		{50DFEA37-092A-40AA-97FB-C888FB1A6450}.Debug|Any CPU.ActiveCfg = Debug|Any CPU
		{50DFEA37-092A-40AA-97FB-C888FB1A6450}.Debug|Any CPU.Build.0 = Debug|Any CPU
		{50DFEA37-092A-40AA-97FB-C888FB1A6450}.Release|Any CPU.ActiveCfg = Release|Any CPU
		{50DFEA37-092A-40AA-97FB-C888FB1A6450}.Release|Any CPU.Build.0 = Release|Any CPU
	EndGlobalSection
	GlobalSection(SolutionProperties) = preSolution
		HideSolutionNode = FALSE
	EndGlobalSection
	GlobalSection(ExtensibilityGlobals) = postSolution
		SolutionGuid = {2C78C720-A2EE-4959-B541-FD8C8B0D1D51}
	EndGlobalSection
EndGlobal
