
Microsoft Visual Studio Solution File, Format Version 12.00
# Visual Studio Version 16
VisualStudioVersion = 16.0.30503.244
MinimumVisualStudioVersion = 10.0.40219.1
Project("{FAE04EC0-301F-11D3-BF4B-00C04F79EFBC}") = "CircleProgram", "CircleProgram.csproj", "{7DA4F971-0522-4E42-B75E-E0C20CFB8AC7}"
EndProject
Global
	GlobalSection(SolutionConfigurationPlatforms) = preSolution
		Debug|Any CPU = Debug|Any CPU
		Release|Any CPU = Release|Any CPU
	EndGlobalSection
	GlobalSection(ProjectConfigurationPlatforms) = postSolution
		{7DA4F971-0522-4E42-B75E-E0C20CFB8AC7}.Debug|Any CPU.ActiveCfg = Debug|Any CPU
		{7DA4F971-0522-4E42-B75E-E0C20CFB8AC7}.Debug|Any CPU.Build.0 = Debug|Any CPU
		{7DA4F971-0522-4E42-B75E-E0C20CFB8AC7}.Release|Any CPU.ActiveCfg = Release|Any CPU
		{7DA4F971-0522-4E42-B75E-E0C20CFB8AC7}.Release|Any CPU.Build.0 = Release|Any CPU
	EndGlobalSection
	GlobalSection(SolutionProperties) = preSolution
		HideSolutionNode = FALSE
	EndGlobalSection
	GlobalSection(ExtensibilityGlobals) = postSolution
		SolutionGuid = {1412467F-5F88-4AA8-B5E9-36D4A79DC219}
	EndGlobalSection
EndGlobal
