
Microsoft Visual Studio Solution File, Format Version 12.00
# Visual Studio Version 16
VisualStudioVersion = 16.0.30523.141
MinimumVisualStudioVersion = 10.0.40219.1
Project("{FAE04EC0-301F-11D3-BF4B-00C04F79EFBC}") = "CheckRightAngle", "CheckRightAngle.csproj", "{ED4F5F10-769D-4C7B-9D37-3B8AD558BCA7}"
EndProject
Global
	GlobalSection(SolutionConfigurationPlatforms) = preSolution
		Debug|Any CPU = Debug|Any CPU
		Release|Any CPU = Release|Any CPU
	EndGlobalSection
	GlobalSection(ProjectConfigurationPlatforms) = postSolution
		{ED4F5F10-769D-4C7B-9D37-3B8AD558BCA7}.Debug|Any CPU.ActiveCfg = Debug|Any CPU
		{ED4F5F10-769D-4C7B-9D37-3B8AD558BCA7}.Debug|Any CPU.Build.0 = Debug|Any CPU
		{ED4F5F10-769D-4C7B-9D37-3B8AD558BCA7}.Release|Any CPU.ActiveCfg = Release|Any CPU
		{ED4F5F10-769D-4C7B-9D37-3B8AD558BCA7}.Release|Any CPU.Build.0 = Release|Any CPU
	EndGlobalSection
	GlobalSection(SolutionProperties) = preSolution
		HideSolutionNode = FALSE
	EndGlobalSection
	GlobalSection(ExtensibilityGlobals) = postSolution
		SolutionGuid = {472079D9-03AA-45BC-934C-2422EE451E2B}
	EndGlobalSection
EndGlobal
