
Microsoft Visual Studio Solution File, Format Version 12.00
# Visual Studio Version 16
VisualStudioVersion = 16.0.30523.141
MinimumVisualStudioVersion = 10.0.40219.1
Project("{FAE04EC0-301F-11D3-BF4B-00C04F79EFBC}") = "TestWindowsApp", "TestWindowsApp.csproj", "{2174CC1A-8CA3-46A0-98CE-2D718A50FD7A}"
EndProject
Global
	GlobalSection(SolutionConfigurationPlatforms) = preSolution
		Debug|Any CPU = Debug|Any CPU
		Release|Any CPU = Release|Any CPU
	EndGlobalSection
	GlobalSection(ProjectConfigurationPlatforms) = postSolution
		{2174CC1A-8CA3-46A0-98CE-2D718A50FD7A}.Debug|Any CPU.ActiveCfg = Debug|Any CPU
		{2174CC1A-8CA3-46A0-98CE-2D718A50FD7A}.Debug|Any CPU.Build.0 = Debug|Any CPU
		{2174CC1A-8CA3-46A0-98CE-2D718A50FD7A}.Release|Any CPU.ActiveCfg = Release|Any CPU
		{2174CC1A-8CA3-46A0-98CE-2D718A50FD7A}.Release|Any CPU.Build.0 = Release|Any CPU
	EndGlobalSection
	GlobalSection(SolutionProperties) = preSolution
		HideSolutionNode = FALSE
	EndGlobalSection
	GlobalSection(ExtensibilityGlobals) = postSolution
		SolutionGuid = {50727DDB-73BF-4B4C-B77D-C309C33B06F2}
	EndGlobalSection
EndGlobal
