
Microsoft Visual Studio Solution File, Format Version 12.00
# Visual Studio Version 16
VisualStudioVersion = 16.0.30523.141
MinimumVisualStudioVersion = 10.0.40219.1
Project("{FAE04EC0-301F-11D3-BF4B-00C04F79EFBC}") = "FizzBuzz", "FizzBuzz.csproj", "{461FA531-CCE3-49F0-B137-CA2D49D059CA}"
EndProject
Global
	GlobalSection(SolutionConfigurationPlatforms) = preSolution
		Debug|Any CPU = Debug|Any CPU
		Release|Any CPU = Release|Any CPU
	EndGlobalSection
	GlobalSection(ProjectConfigurationPlatforms) = postSolution
		{461FA531-CCE3-49F0-B137-CA2D49D059CA}.Debug|Any CPU.ActiveCfg = Debug|Any CPU
		{461FA531-CCE3-49F0-B137-CA2D49D059CA}.Debug|Any CPU.Build.0 = Debug|Any CPU
		{461FA531-CCE3-49F0-B137-CA2D49D059CA}.Release|Any CPU.ActiveCfg = Release|Any CPU
		{461FA531-CCE3-49F0-B137-CA2D49D059CA}.Release|Any CPU.Build.0 = Release|Any CPU
	EndGlobalSection
	GlobalSection(SolutionProperties) = preSolution
		HideSolutionNode = FALSE
	EndGlobalSection
	GlobalSection(ExtensibilityGlobals) = postSolution
		SolutionGuid = {BDAB294A-5922-474B-A938-0A061D705903}
	EndGlobalSection
EndGlobal
